
Microsoft Visual Studio Solution File, Format Version 12.00
# Visual Studio Version 17
VisualStudioVersion = 17.9.34622.214
MinimumVisualStudioVersion = 10.0.40219.1
Project("{FAE04EC0-301F-11D3-BF4B-00C04F79EFBC}") = "Crossolution", "Crossolution\Crossolution.csproj", "{94389484-9828-49DD-B8F5-53AEE74144CF}"
EndProject
Global
	GlobalSection(SolutionConfigurationPlatforms) = preSolution
		Debug|Any CPU = Debug|Any CPU
		Release|Any CPU = Release|Any CPU
	EndGlobalSection
	GlobalSection(ProjectConfigurationPlatforms) = postSolution
		{94389484-9828-49DD-B8F5-53AEE74144CF}.Debug|Any CPU.ActiveCfg = Debug|Any CPU
		{94389484-9828-49DD-B8F5-53AEE74144CF}.Debug|Any CPU.Build.0 = Debug|Any CPU
		{94389484-9828-49DD-B8F5-53AEE74144CF}.Debug|Any CPU.Deploy.0 = Debug|Any CPU
		{94389484-9828-49DD-B8F5-53AEE74144CF}.Release|Any CPU.ActiveCfg = Release|Any CPU
		{94389484-9828-49DD-B8F5-53AEE74144CF}.Release|Any CPU.Build.0 = Release|Any CPU
		{94389484-9828-49DD-B8F5-53AEE74144CF}.Release|Any CPU.Deploy.0 = Release|Any CPU
	EndGlobalSection
	GlobalSection(SolutionProperties) = preSolution
		HideSolutionNode = FALSE
	EndGlobalSection
	GlobalSection(ExtensibilityGlobals) = postSolution
		SolutionGuid = {2E08EBF3-3416-49A4-B925-6EEDFD88BEE2}
	EndGlobalSection
EndGlobal
